
Microsoft Visual Studio Solution File, Format Version 12.00
# Visual Studio 14
VisualStudioVersion = 14.0.25123.0
MinimumVisualStudioVersion = 10.0.40219.1
Project("{FAE04EC0-301F-11D3-BF4B-00C04F79EFBC}") = "WinCuarenta", "Cuarenta\WinCuarenta.csproj", "{BFE1711E-371B-408C-AAAE-F11FBC5DA67F}"
EndProject
Project("{D954291E-2A0B-460D-934E-DC6B0785DB48}") = "SharedCuarenta", "SharedCuarenta\SharedCuarenta.shproj", "{B543BC0C-1649-41DE-B92E-6AF9D0329488}"
EndProject
Project("{FAE04EC0-301F-11D3-BF4B-00C04F79EFBC}") = "AndroidCuarenta", "AndroidCuarenta\AndroidCuarenta.csproj", "{4A72038C-9445-44A9-9577-B77791B17652}"
EndProject
Global
	GlobalSection(SharedMSBuildProjectFiles) = preSolution
		SharedCuarenta\SharedCuarenta.projitems*{b543bc0c-1649-41de-b92e-6af9d0329488}*SharedItemsImports = 13
		SharedCuarenta\SharedCuarenta.projitems*{bfe1711e-371b-408c-aaae-f11fbc5da67f}*SharedItemsImports = 4
	EndGlobalSection
	GlobalSection(SolutionConfigurationPlatforms) = preSolution
		Debug|Any CPU = Debug|Any CPU
		Debug|x86 = Debug|x86
		Release|Any CPU = Release|Any CPU
		Release|x86 = Release|x86
	EndGlobalSection
	GlobalSection(ProjectConfigurationPlatforms) = postSolution
		{BFE1711E-371B-408C-AAAE-F11FBC5DA67F}.Debug|Any CPU.ActiveCfg = Debug|x86
		{BFE1711E-371B-408C-AAAE-F11FBC5DA67F}.Debug|x86.ActiveCfg = Debug|x86
		{BFE1711E-371B-408C-AAAE-F11FBC5DA67F}.Debug|x86.Build.0 = Debug|x86
		{BFE1711E-371B-408C-AAAE-F11FBC5DA67F}.Release|Any CPU.ActiveCfg = Release|x86
		{BFE1711E-371B-408C-AAAE-F11FBC5DA67F}.Release|x86.ActiveCfg = Release|x86
		{BFE1711E-371B-408C-AAAE-F11FBC5DA67F}.Release|x86.Build.0 = Release|x86
		{4A72038C-9445-44A9-9577-B77791B17652}.Debug|Any CPU.ActiveCfg = Debug|Any CPU
		{4A72038C-9445-44A9-9577-B77791B17652}.Debug|Any CPU.Build.0 = Debug|Any CPU
		{4A72038C-9445-44A9-9577-B77791B17652}.Debug|Any CPU.Deploy.0 = Debug|Any CPU
		{4A72038C-9445-44A9-9577-B77791B17652}.Debug|x86.ActiveCfg = Debug|Any CPU
		{4A72038C-9445-44A9-9577-B77791B17652}.Debug|x86.Build.0 = Debug|Any CPU
		{4A72038C-9445-44A9-9577-B77791B17652}.Debug|x86.Deploy.0 = Debug|Any CPU
		{4A72038C-9445-44A9-9577-B77791B17652}.Release|Any CPU.ActiveCfg = Release|Any CPU
		{4A72038C-9445-44A9-9577-B77791B17652}.Release|Any CPU.Build.0 = Release|Any CPU
		{4A72038C-9445-44A9-9577-B77791B17652}.Release|Any CPU.Deploy.0 = Release|Any CPU
		{4A72038C-9445-44A9-9577-B77791B17652}.Release|x86.ActiveCfg = Release|Any CPU
		{4A72038C-9445-44A9-9577-B77791B17652}.Release|x86.Build.0 = Release|Any CPU
		{4A72038C-9445-44A9-9577-B77791B17652}.Release|x86.Deploy.0 = Release|Any CPU
	EndGlobalSection
	GlobalSection(SolutionProperties) = preSolution
		HideSolutionNode = FALSE
	EndGlobalSection
EndGlobal
